
Microsoft Visual Studio Solution File, Format Version 12.00
Project("{FAE04EC0-301F-11D3-BF4B-00C04F79EFBC}") = "TypedSpark.NET", "TypedSpark.NET\TypedSpark.NET.csproj", "{CCAEF66B-947C-431D-AC57-7FDA934884F8}"
EndProject
Project("{FAE04EC0-301F-11D3-BF4B-00C04F79EFBC}") = "SparkTest.NET", "SparkTest.NET\SparkTest.NET.csproj", "{70DC3D58-6BDC-4E1D-8071-7263FEEFB779}"
EndProject
Project("{FAE04EC0-301F-11D3-BF4B-00C04F79EFBC}") = "SparkTest.NET.Test", "SparkTest.NET.Test\SparkTest.NET.Test.csproj", "{EAE369D3-8698-4C6A-BB0D-A67767EA0E87}"
EndProject
Project("{FAE04EC0-301F-11D3-BF4B-00C04F79EFBC}") = "TypedSpark.NET.Test", "TypedSpark.NET.Test\TypedSpark.NET.Test.csproj", "{C661CA49-CD57-4C8A-9702-26A45D5FBB7C}"
EndProject
Global
	GlobalSection(SolutionConfigurationPlatforms) = preSolution
		Debug|Any CPU = Debug|Any CPU
		Release|Any CPU = Release|Any CPU
	EndGlobalSection
	GlobalSection(ProjectConfigurationPlatforms) = postSolution
		{CCAEF66B-947C-431D-AC57-7FDA934884F8}.Debug|Any CPU.ActiveCfg = Debug|Any CPU
		{CCAEF66B-947C-431D-AC57-7FDA934884F8}.Debug|Any CPU.Build.0 = Debug|Any CPU
		{CCAEF66B-947C-431D-AC57-7FDA934884F8}.Release|Any CPU.ActiveCfg = Release|Any CPU
		{CCAEF66B-947C-431D-AC57-7FDA934884F8}.Release|Any CPU.Build.0 = Release|Any CPU
		{70DC3D58-6BDC-4E1D-8071-7263FEEFB779}.Debug|Any CPU.ActiveCfg = Debug|Any CPU
		{70DC3D58-6BDC-4E1D-8071-7263FEEFB779}.Debug|Any CPU.Build.0 = Debug|Any CPU
		{70DC3D58-6BDC-4E1D-8071-7263FEEFB779}.Release|Any CPU.ActiveCfg = Release|Any CPU
		{70DC3D58-6BDC-4E1D-8071-7263FEEFB779}.Release|Any CPU.Build.0 = Release|Any CPU
		{EAE369D3-8698-4C6A-BB0D-A67767EA0E87}.Debug|Any CPU.ActiveCfg = Debug|Any CPU
		{EAE369D3-8698-4C6A-BB0D-A67767EA0E87}.Debug|Any CPU.Build.0 = Debug|Any CPU
		{EAE369D3-8698-4C6A-BB0D-A67767EA0E87}.Release|Any CPU.ActiveCfg = Release|Any CPU
		{EAE369D3-8698-4C6A-BB0D-A67767EA0E87}.Release|Any CPU.Build.0 = Release|Any CPU
		{C661CA49-CD57-4C8A-9702-26A45D5FBB7C}.Debug|Any CPU.ActiveCfg = Debug|Any CPU
		{C661CA49-CD57-4C8A-9702-26A45D5FBB7C}.Debug|Any CPU.Build.0 = Debug|Any CPU
		{C661CA49-CD57-4C8A-9702-26A45D5FBB7C}.Release|Any CPU.ActiveCfg = Release|Any CPU
		{C661CA49-CD57-4C8A-9702-26A45D5FBB7C}.Release|Any CPU.Build.0 = Release|Any CPU
	EndGlobalSection
EndGlobal
