
Microsoft Visual Studio Solution File, Format Version 12.00
Project("{FAE04EC0-301F-11D3-BF4B-00C04F79EFBC}") = "TypedSpark.NET", "TypedSpark.NET\TypedSpark.NET.csproj", "{CCAEF66B-947C-431D-AC57-7FDA934884F8}"
EndProject
Project("{FAE04EC0-301F-11D3-BF4B-00C04F79EFBC}") = "TypedSpark.NET.Tests", "TypedSpark.NET.Tests\TypedSpark.NET.Tests.csproj", "{C661CA49-CD57-4C8A-9702-26A45D5FBB7C}"
EndProject
Global
	GlobalSection(SolutionConfigurationPlatforms) = preSolution
		Debug|Any CPU = Debug|Any CPU
		Release|Any CPU = Release|Any CPU
	EndGlobalSection
	GlobalSection(ProjectConfigurationPlatforms) = postSolution
		{CCAEF66B-947C-431D-AC57-7FDA934884F8}.Debug|Any CPU.ActiveCfg = Debug|Any CPU
		{CCAEF66B-947C-431D-AC57-7FDA934884F8}.Debug|Any CPU.Build.0 = Debug|Any CPU
		{CCAEF66B-947C-431D-AC57-7FDA934884F8}.Release|Any CPU.ActiveCfg = Release|Any CPU
		{CCAEF66B-947C-431D-AC57-7FDA934884F8}.Release|Any CPU.Build.0 = Release|Any CPU
		{C661CA49-CD57-4C8A-9702-26A45D5FBB7C}.Debug|Any CPU.ActiveCfg = Debug|Any CPU
		{C661CA49-CD57-4C8A-9702-26A45D5FBB7C}.Debug|Any CPU.Build.0 = Debug|Any CPU
		{C661CA49-CD57-4C8A-9702-26A45D5FBB7C}.Release|Any CPU.ActiveCfg = Release|Any CPU
		{C661CA49-CD57-4C8A-9702-26A45D5FBB7C}.Release|Any CPU.Build.0 = Release|Any CPU
	EndGlobalSection
EndGlobal
